# THIS IS AN AUTOGENERATED FILE. DO NOT EDIT THIS FILE DIRECTLY.
# yarn lockfile v1


"@mysticaldragon/proxies@^1.0.0":
  version "1.0.0"
  resolved "https://registry.yarnpkg.com/@mysticaldragon/proxies/-/proxies-1.0.0.tgz#df01b84f96de64959330ec8fc63bcf48c2109521"
  integrity sha512-oAUdIJyd4Zy1cEigYVR5brnHBjqPtLjWOjbQfbKuNyr1qB3e102zCMZM7ZN4HJS+C2Dreb87nZXMkHEkgXHn1w==
  dependencies:
    "@mysticaldragon/utils" "^1.0.9"
    "@types/node" "^16.7.2"
    typescript "^4.3.5"

"@mysticaldragon/utils@^1.0.9":
  version "1.0.9"
  resolved "https://registry.yarnpkg.com/@mysticaldragon/utils/-/utils-1.0.9.tgz#91f78977b1cb8ef1959f68ea887aa428497fd0bb"
  integrity sha512-xlEK1JqZoWIC9wW++R873VkaTEPN6lSuOtyMDnMKK+iyfSryjex8jDLVH0YT6f/sKNDqDuaH2NDC/3yjGQh4cw==
  dependencies:
    "@types/node" "^16.7.2"
    typescript "^4.3.5"

"@types/node@^16.7.2", "@types/node@^16.7.6":
  version "16.7.6"
  resolved "https://registry.yarnpkg.com/@types/node/-/node-16.7.6.tgz#8666478db8095aa66e25b7e469f3e7b53ea2855e"
  integrity sha512-VESVNFoa/ahYA62xnLBjo5ur6gPsgEE5cNRy8SrdnkZ2nwJSW0kJ4ufbFr2zuU9ALtHM8juY53VcRoTA7htXSg==

typescript@^4.3.5:
  version "4.4.2"
  resolved "https://registry.yarnpkg.com/typescript/-/typescript-4.4.2.tgz#6d618640d430e3569a1dfb44f7d7e600ced3ee86"
  integrity sha512-gzP+t5W4hdy4c+68bfcv0t400HVJMMd2+H9B7gae1nQlBzCqvrXX+6GL/b3GAgyTH966pzrZ70/fRjwAtZksSQ==
